
Microsoft Visual Studio Solution File, Format Version 12.00
# Visual Studio Version 16
VisualStudioVersion = 16.0.30907.101
MinimumVisualStudioVersion = 10.0.40219.1
Project("{9A19103F-16F7-4668-BE54-9A1E7A4F7556}") = "Metotlar", "Metotlar\Metotlar.csproj", "{EE58F8F6-E262-4F0A-B91F-A43B2D064B02}"
EndProject
Project("{FAE04EC0-301F-11D3-BF4B-00C04F79EFBC}") = "Matematik", "Matematik\Matematik.csproj", "{3793EC8B-88D3-4FAF-9295-1CC3DE7345A5}"
EndProject
Project("{FAE04EC0-301F-11D3-BF4B-00C04F79EFBC}") = "DegerveReferansTipler", "DegerveReferansTipler\DegerveReferansTipler.csproj", "{084B1D40-ABA5-449D-8607-37BE66866373}"
EndProject
Global
	GlobalSection(SolutionConfigurationPlatforms) = preSolution
		Debug|Any CPU = Debug|Any CPU
		Release|Any CPU = Release|Any CPU
	EndGlobalSection
	GlobalSection(ProjectConfigurationPlatforms) = postSolution
		{EE58F8F6-E262-4F0A-B91F-A43B2D064B02}.Debug|Any CPU.ActiveCfg = Debug|Any CPU
		{EE58F8F6-E262-4F0A-B91F-A43B2D064B02}.Debug|Any CPU.Build.0 = Debug|Any CPU
		{EE58F8F6-E262-4F0A-B91F-A43B2D064B02}.Release|Any CPU.ActiveCfg = Release|Any CPU
		{EE58F8F6-E262-4F0A-B91F-A43B2D064B02}.Release|Any CPU.Build.0 = Release|Any CPU
		{3793EC8B-88D3-4FAF-9295-1CC3DE7345A5}.Debug|Any CPU.ActiveCfg = Debug|Any CPU
		{3793EC8B-88D3-4FAF-9295-1CC3DE7345A5}.Debug|Any CPU.Build.0 = Debug|Any CPU
		{3793EC8B-88D3-4FAF-9295-1CC3DE7345A5}.Release|Any CPU.ActiveCfg = Release|Any CPU
		{3793EC8B-88D3-4FAF-9295-1CC3DE7345A5}.Release|Any CPU.Build.0 = Release|Any CPU
		{084B1D40-ABA5-449D-8607-37BE66866373}.Debug|Any CPU.ActiveCfg = Debug|Any CPU
		{084B1D40-ABA5-449D-8607-37BE66866373}.Debug|Any CPU.Build.0 = Debug|Any CPU
		{084B1D40-ABA5-449D-8607-37BE66866373}.Release|Any CPU.ActiveCfg = Release|Any CPU
		{084B1D40-ABA5-449D-8607-37BE66866373}.Release|Any CPU.Build.0 = Release|Any CPU
	EndGlobalSection
	GlobalSection(SolutionProperties) = preSolution
		HideSolutionNode = FALSE
	EndGlobalSection
	GlobalSection(ExtensibilityGlobals) = postSolution
		SolutionGuid = {7A2202E3-D35F-4EE6-9DB3-E46D30FDE7FA}
	EndGlobalSection
EndGlobal
